
Microsoft Visual Studio Solution File, Format Version 12.00
# Visual Studio Version 16
VisualStudioVersion = 16.0.31729.503
MinimumVisualStudioVersion = 10.0.40219.1
Project("{FAE04EC0-301F-11D3-BF4B-00C04F79EFBC}") = "AddressBook", "AddressBook.csproj", "{ADD7C9C2-5CD5-45F1-954F-83B6E7014B54}"
EndProject
Global
	GlobalSection(SolutionConfigurationPlatforms) = preSolution
		Debug|Any CPU = Debug|Any CPU
		Release|Any CPU = Release|Any CPU
	EndGlobalSection
	GlobalSection(ProjectConfigurationPlatforms) = postSolution
		{ADD7C9C2-5CD5-45F1-954F-83B6E7014B54}.Debug|Any CPU.ActiveCfg = Debug|Any CPU
		{ADD7C9C2-5CD5-45F1-954F-83B6E7014B54}.Debug|Any CPU.Build.0 = Debug|Any CPU
		{ADD7C9C2-5CD5-45F1-954F-83B6E7014B54}.Release|Any CPU.ActiveCfg = Release|Any CPU
		{ADD7C9C2-5CD5-45F1-954F-83B6E7014B54}.Release|Any CPU.Build.0 = Release|Any CPU
	EndGlobalSection
	GlobalSection(SolutionProperties) = preSolution
		HideSolutionNode = FALSE
	EndGlobalSection
	GlobalSection(ExtensibilityGlobals) = postSolution
		SolutionGuid = {FE45B5CB-D1A7-4689-B0DC-D6783CF3DC57}
	EndGlobalSection
EndGlobal
